
Microsoft Visual Studio Solution File, Format Version 12.00
# Visual Studio 15
VisualStudioVersion = 15.0.27703.2042
MinimumVisualStudioVersion = 10.0.40219.1
Project("{FAE04EC0-301F-11D3-BF4B-00C04F79EFBC}") = "Interview", "Interview\Interview.csproj", "{E9689454-CC82-4C51-A22C-AABB4856640A}"
EndProject
Global
	GlobalSection(SolutionConfigurationPlatforms) = preSolution
		Debug|Any CPU = Debug|Any CPU
		Release|Any CPU = Release|Any CPU
	EndGlobalSection
	GlobalSection(ProjectConfigurationPlatforms) = postSolution
		{E9689454-CC82-4C51-A22C-AABB4856640A}.Debug|Any CPU.ActiveCfg = Debug|Any CPU
		{E9689454-CC82-4C51-A22C-AABB4856640A}.Debug|Any CPU.Build.0 = Debug|Any CPU
		{E9689454-CC82-4C51-A22C-AABB4856640A}.Release|Any CPU.ActiveCfg = Release|Any CPU
		{E9689454-CC82-4C51-A22C-AABB4856640A}.Release|Any CPU.Build.0 = Release|Any CPU
	EndGlobalSection
	GlobalSection(SolutionProperties) = preSolution
		HideSolutionNode = FALSE
	EndGlobalSection
	GlobalSection(ExtensibilityGlobals) = postSolution
		SolutionGuid = {6E9109E9-C50C-4407-88F8-738B86036456}
	EndGlobalSection
EndGlobal
