
Microsoft Visual Studio Solution File, Format Version 12.00
# Visual Studio 15
VisualStudioVersion = 15.0.27703.2042
MinimumVisualStudioVersion = 10.0.40219.1
Project("{FAE04EC0-301F-11D3-BF4B-00C04F79EFBC}") = "LinkedList2", "LinkedList2\LinkedList2.csproj", "{EC04CB09-B84D-43FE-9E36-F0FB553D146E}"
EndProject
Global
	GlobalSection(SolutionConfigurationPlatforms) = preSolution
		Debug|Any CPU = Debug|Any CPU
		Release|Any CPU = Release|Any CPU
	EndGlobalSection
	GlobalSection(ProjectConfigurationPlatforms) = postSolution
		{EC04CB09-B84D-43FE-9E36-F0FB553D146E}.Debug|Any CPU.ActiveCfg = Debug|Any CPU
		{EC04CB09-B84D-43FE-9E36-F0FB553D146E}.Debug|Any CPU.Build.0 = Debug|Any CPU
		{EC04CB09-B84D-43FE-9E36-F0FB553D146E}.Release|Any CPU.ActiveCfg = Release|Any CPU
		{EC04CB09-B84D-43FE-9E36-F0FB553D146E}.Release|Any CPU.Build.0 = Release|Any CPU
	EndGlobalSection
	GlobalSection(SolutionProperties) = preSolution
		HideSolutionNode = FALSE
	EndGlobalSection
	GlobalSection(ExtensibilityGlobals) = postSolution
		SolutionGuid = {699473FF-65ED-4020-AC9D-6C8865FF095E}
	EndGlobalSection
EndGlobal
