
Microsoft Visual Studio Solution File, Format Version 12.00
# Visual Studio 15
VisualStudioVersion = 15.0.27428.2015
MinimumVisualStudioVersion = 10.0.40219.1
Project("{FAE04EC0-301F-11D3-BF4B-00C04F79EFBC}") = "Problem1", "Problem1\Problem1.csproj", "{BB01FF9A-C827-4C2B-B353-3DB3A24220F9}"
EndProject
Global
	GlobalSection(SolutionConfigurationPlatforms) = preSolution
		Debug|Any CPU = Debug|Any CPU
		Release|Any CPU = Release|Any CPU
	EndGlobalSection
	GlobalSection(ProjectConfigurationPlatforms) = postSolution
		{BB01FF9A-C827-4C2B-B353-3DB3A24220F9}.Debug|Any CPU.ActiveCfg = Debug|Any CPU
		{BB01FF9A-C827-4C2B-B353-3DB3A24220F9}.Debug|Any CPU.Build.0 = Debug|Any CPU
		{BB01FF9A-C827-4C2B-B353-3DB3A24220F9}.Release|Any CPU.ActiveCfg = Release|Any CPU
		{BB01FF9A-C827-4C2B-B353-3DB3A24220F9}.Release|Any CPU.Build.0 = Release|Any CPU
	EndGlobalSection
	GlobalSection(SolutionProperties) = preSolution
		HideSolutionNode = FALSE
	EndGlobalSection
	GlobalSection(ExtensibilityGlobals) = postSolution
		SolutionGuid = {E3C964F5-21CB-4710-999F-312F20AE2953}
	EndGlobalSection
EndGlobal
