
Microsoft Visual Studio Solution File, Format Version 12.00
# Visual Studio 15
VisualStudioVersion = 15.0.27703.2042
MinimumVisualStudioVersion = 10.0.40219.1
Project("{FAE04EC0-301F-11D3-BF4B-00C04F79EFBC}") = "LinkedListAdd", "LinkedListAdd\LinkedListAdd.csproj", "{D53F967D-DE1A-4A98-B127-D20C38C37432}"
EndProject
Global
	GlobalSection(SolutionConfigurationPlatforms) = preSolution
		Debug|Any CPU = Debug|Any CPU
		Release|Any CPU = Release|Any CPU
	EndGlobalSection
	GlobalSection(ProjectConfigurationPlatforms) = postSolution
		{D53F967D-DE1A-4A98-B127-D20C38C37432}.Debug|Any CPU.ActiveCfg = Debug|Any CPU
		{D53F967D-DE1A-4A98-B127-D20C38C37432}.Debug|Any CPU.Build.0 = Debug|Any CPU
		{D53F967D-DE1A-4A98-B127-D20C38C37432}.Release|Any CPU.ActiveCfg = Release|Any CPU
		{D53F967D-DE1A-4A98-B127-D20C38C37432}.Release|Any CPU.Build.0 = Release|Any CPU
	EndGlobalSection
	GlobalSection(SolutionProperties) = preSolution
		HideSolutionNode = FALSE
	EndGlobalSection
	GlobalSection(ExtensibilityGlobals) = postSolution
		SolutionGuid = {34BAC707-13A1-419A-B985-0827D29C4437}
	EndGlobalSection
EndGlobal
