
Microsoft Visual Studio Solution File, Format Version 12.00
# Visual Studio 15
VisualStudioVersion = 15.0.27130.2027
MinimumVisualStudioVersion = 10.0.40219.1
Project("{FAE04EC0-301F-11D3-BF4B-00C04F79EFBC}") = "FindMinelement", "FindMinelement\FindMinelement.csproj", "{D531E448-2D0E-457E-96DB-E003855EDCAD}"
EndProject
Global
	GlobalSection(SolutionConfigurationPlatforms) = preSolution
		Debug|Any CPU = Debug|Any CPU
		Release|Any CPU = Release|Any CPU
	EndGlobalSection
	GlobalSection(ProjectConfigurationPlatforms) = postSolution
		{D531E448-2D0E-457E-96DB-E003855EDCAD}.Debug|Any CPU.ActiveCfg = Debug|Any CPU
		{D531E448-2D0E-457E-96DB-E003855EDCAD}.Debug|Any CPU.Build.0 = Debug|Any CPU
		{D531E448-2D0E-457E-96DB-E003855EDCAD}.Release|Any CPU.ActiveCfg = Release|Any CPU
		{D531E448-2D0E-457E-96DB-E003855EDCAD}.Release|Any CPU.Build.0 = Release|Any CPU
	EndGlobalSection
	GlobalSection(SolutionProperties) = preSolution
		HideSolutionNode = FALSE
	EndGlobalSection
	GlobalSection(ExtensibilityGlobals) = postSolution
		SolutionGuid = {AA193A37-8C63-40F0-BA1D-C769D0DBB67F}
	EndGlobalSection
EndGlobal
