
Microsoft Visual Studio Solution File, Format Version 12.00
# Visual Studio 15
VisualStudioVersion = 15.0.27428.2015
MinimumVisualStudioVersion = 10.0.40219.1
Project("{FAE04EC0-301F-11D3-BF4B-00C04F79EFBC}") = "MST1", "MST1\MST1.csproj", "{66EC35FC-A21F-4028-BB5B-091C2270653B}"
EndProject
Global
	GlobalSection(SolutionConfigurationPlatforms) = preSolution
		Debug|Any CPU = Debug|Any CPU
		Release|Any CPU = Release|Any CPU
	EndGlobalSection
	GlobalSection(ProjectConfigurationPlatforms) = postSolution
		{66EC35FC-A21F-4028-BB5B-091C2270653B}.Debug|Any CPU.ActiveCfg = Debug|Any CPU
		{66EC35FC-A21F-4028-BB5B-091C2270653B}.Debug|Any CPU.Build.0 = Debug|Any CPU
		{66EC35FC-A21F-4028-BB5B-091C2270653B}.Release|Any CPU.ActiveCfg = Release|Any CPU
		{66EC35FC-A21F-4028-BB5B-091C2270653B}.Release|Any CPU.Build.0 = Release|Any CPU
	EndGlobalSection
	GlobalSection(SolutionProperties) = preSolution
		HideSolutionNode = FALSE
	EndGlobalSection
	GlobalSection(ExtensibilityGlobals) = postSolution
		SolutionGuid = {608E9C93-75C2-4B67-BAC9-EE663C026B02}
	EndGlobalSection
EndGlobal
