
Microsoft Visual Studio Solution File, Format Version 12.00
# Visual Studio 15
VisualStudioVersion = 15.0.28307.421
MinimumVisualStudioVersion = 10.0.40219.1
Project("{FAE04EC0-301F-11D3-BF4B-00C04F79EFBC}") = "March5", "March5\March5.csproj", "{B8749C36-0B1F-4011-B211-8DD5B2E3E2B6}"
EndProject
Global
	GlobalSection(SolutionConfigurationPlatforms) = preSolution
		Debug|Any CPU = Debug|Any CPU
		Release|Any CPU = Release|Any CPU
	EndGlobalSection
	GlobalSection(ProjectConfigurationPlatforms) = postSolution
		{B8749C36-0B1F-4011-B211-8DD5B2E3E2B6}.Debug|Any CPU.ActiveCfg = Debug|Any CPU
		{B8749C36-0B1F-4011-B211-8DD5B2E3E2B6}.Debug|Any CPU.Build.0 = Debug|Any CPU
		{B8749C36-0B1F-4011-B211-8DD5B2E3E2B6}.Release|Any CPU.ActiveCfg = Release|Any CPU
		{B8749C36-0B1F-4011-B211-8DD5B2E3E2B6}.Release|Any CPU.Build.0 = Release|Any CPU
	EndGlobalSection
	GlobalSection(SolutionProperties) = preSolution
		HideSolutionNode = FALSE
	EndGlobalSection
	GlobalSection(ExtensibilityGlobals) = postSolution
		SolutionGuid = {4333B506-D6BD-4228-AAA8-1E2C291CF5B9}
	EndGlobalSection
EndGlobal
